dependencies:
- name: core-banking
  repository: file://../charts/core-banking
  version: 1.0.0
- name: payments
  repository: file://../charts/payments
  version: 1.0.0
- name: retail-banking
  repository: file://../charts/retail-banking
  version: 1.0.0
- name: customer-identity
  repository: file://../charts/customer-identity
  version: 1.0.0
- name: fraud-risk
  repository: file://../charts/fraud-risk
  version: 1.0.0
- name: notifications
  repository: file://../charts/notifications
  version: 1.0.0
- name: audit-compliance
  repository: file://../charts/audit-compliance
  version: 1.0.0
- name: legacy-stack
  repository: file://../charts/legacy-stack
  version: 1.0.0
- name: observability-stack
  repository: file://../charts/observability-stack
  version: 1.0.0
- name: loadrunner
  repository: file://../charts/loadrunner
  version: 1.0.0
- name: fault-injector
  repository: file://../charts/fault-injector
  version: 1.0.0
digest: sha256:ab452dcc694c907f2260ab8cec4d9c97769d204d172871abbce9e96965ac404a
generated: "2026-09-22T00:59:29.959368+05:30"
